
Microsoft Visual Studio Solution File, Format Version 12.00
# Visual Studio Version 17
VisualStudioVersion = 17.13.35828.75 d17.13
MinimumVisualStudioVersion = 10.0.40219.1
Project("{FAE04EC0-301F-11D3-BF4B-00C04F79EFBC}") = "IT Practice", "IT Practice\IT Practice.csproj", "{890AAF90-FC5D-4946-8616-A8B602F925DB}"
EndProject
Global
	GlobalSection(SolutionConfigurationPlatforms) = preSolution
		Debug|Any CPU = Debug|Any CPU
		Release|Any CPU = Release|Any CPU
	EndGlobalSection
	GlobalSection(ProjectConfigurationPlatforms) = postSolution
		{890AAF90-FC5D-4946-8616-A8B602F925DB}.Debug|Any CPU.ActiveCfg = Debug|Any CPU
		{890AAF90-FC5D-4946-8616-A8B602F925DB}.Debug|Any CPU.Build.0 = Debug|Any CPU
		{890AAF90-FC5D-4946-8616-A8B602F925DB}.Release|Any CPU.ActiveCfg = Release|Any CPU
		{890AAF90-FC5D-4946-8616-A8B602F925DB}.Release|Any CPU.Build.0 = Release|Any CPU
	EndGlobalSection
	GlobalSection(SolutionProperties) = preSolution
		HideSolutionNode = FALSE
	EndGlobalSection
	GlobalSection(ExtensibilityGlobals) = postSolution
		SolutionGuid = {790300F4-A748-458E-A1AB-8DBFBA29D632}
	EndGlobalSection
EndGlobal
